
Microsoft Visual Studio Solution File, Format Version 12.00
# Visual Studio Version 17
VisualStudioVersion = 17.7.34221.43
MinimumVisualStudioVersion = 10.0.40219.1
Project("{FAE04EC0-301F-11D3-BF4B-00C04F79EFBC}") = "ConsoleApp1", "ConsoleApp1\ConsoleApp1.csproj", "{62197EDF-20C8-42B6-9C42-8D0AF891E83E}"
EndProject
Global
	GlobalSection(SolutionConfigurationPlatforms) = preSolution
		Debug|Any CPU = Debug|Any CPU
		Release|Any CPU = Release|Any CPU
	EndGlobalSection
	GlobalSection(ProjectConfigurationPlatforms) = postSolution
		{62197EDF-20C8-42B6-9C42-8D0AF891E83E}.Debug|Any CPU.ActiveCfg = Debug|Any CPU
		{62197EDF-20C8-42B6-9C42-8D0AF891E83E}.Debug|Any CPU.Build.0 = Debug|Any CPU
		{62197EDF-20C8-42B6-9C42-8D0AF891E83E}.Release|Any CPU.ActiveCfg = Release|Any CPU
		{62197EDF-20C8-42B6-9C42-8D0AF891E83E}.Release|Any CPU.Build.0 = Release|Any CPU
	EndGlobalSection
	GlobalSection(SolutionProperties) = preSolution
		HideSolutionNode = FALSE
	EndGlobalSection
	GlobalSection(ExtensibilityGlobals) = postSolution
		SolutionGuid = {D4D0E7FB-D079-4012-B23E-54B3C54C2AE8}
	EndGlobalSection
EndGlobal
